
Microsoft Visual Studio Solution File, Format Version 12.00
# Visual Studio Version 17
VisualStudioVersion = 17.1.32210.238
MinimumVisualStudioVersion = 10.0.40219.1
Project("{FAE04EC0-301F-11D3-BF4B-00C04F79EFBC}") = "Fundamentals", "Fundamentals\Fundamentals.csproj", "{3CA46187-87C2-4561-AC67-B76EC0CC809C}"
EndProject
Global
	GlobalSection(SolutionConfigurationPlatforms) = preSolution
		Debug|Any CPU = Debug|Any CPU
		Release|Any CPU = Release|Any CPU
	EndGlobalSection
	GlobalSection(ProjectConfigurationPlatforms) = postSolution
		{3CA46187-87C2-4561-AC67-B76EC0CC809C}.Debug|Any CPU.ActiveCfg = Debug|Any CPU
		{3CA46187-87C2-4561-AC67-B76EC0CC809C}.Debug|Any CPU.Build.0 = Debug|Any CPU
		{3CA46187-87C2-4561-AC67-B76EC0CC809C}.Release|Any CPU.ActiveCfg = Release|Any CPU
		{3CA46187-87C2-4561-AC67-B76EC0CC809C}.Release|Any CPU.Build.0 = Release|Any CPU
	EndGlobalSection
	GlobalSection(SolutionProperties) = preSolution
		HideSolutionNode = FALSE
	EndGlobalSection
	GlobalSection(ExtensibilityGlobals) = postSolution
		SolutionGuid = {9AF114DE-4EF1-4254-8BAE-07C076AB1C99}
	EndGlobalSection
EndGlobal
